
Microsoft Visual Studio Solution File, Format Version 12.00
# Visual Studio Version 17
VisualStudioVersion = 17.4.33110.190
MinimumVisualStudioVersion = 10.0.40219.1
Project("{FAE04EC0-301F-11D3-BF4B-00C04F79EFBC}") = "DecimalePuntato", "DecimalePuntato\DecimalePuntato.csproj", "{60EA8042-9B3F-488C-B583-5F8E6A00CE2C}"
EndProject
Global
	GlobalSection(SolutionConfigurationPlatforms) = preSolution
		Debug|Any CPU = Debug|Any CPU
		Release|Any CPU = Release|Any CPU
	EndGlobalSection
	GlobalSection(ProjectConfigurationPlatforms) = postSolution
		{60EA8042-9B3F-488C-B583-5F8E6A00CE2C}.Debug|Any CPU.ActiveCfg = Debug|Any CPU
		{60EA8042-9B3F-488C-B583-5F8E6A00CE2C}.Debug|Any CPU.Build.0 = Debug|Any CPU
		{60EA8042-9B3F-488C-B583-5F8E6A00CE2C}.Release|Any CPU.ActiveCfg = Release|Any CPU
		{60EA8042-9B3F-488C-B583-5F8E6A00CE2C}.Release|Any CPU.Build.0 = Release|Any CPU
	EndGlobalSection
	GlobalSection(SolutionProperties) = preSolution
		HideSolutionNode = FALSE
	EndGlobalSection
	GlobalSection(ExtensibilityGlobals) = postSolution
		SolutionGuid = {4136FE27-5197-4FD7-8A54-9F405CD6CFF2}
	EndGlobalSection
EndGlobal
